<?xml version="1.0" encoding="utf-8"?>
<Project ToolsVersion="4.0" xmlns="http://schemas.microsoft.com/developer/msbuild/2003">
  <ItemGroup>
    <Filter Include="resource">
      <UniqueIdentifier>{715254bc-d70b-4ec5-bf29-467dd3ace079}</UniqueIdentifier>
    </Filter>
    <Filter Include="src">
      <UniqueIdentifier>{bb6c862e-70e9-49d9-81b7-3829a6f50471}</UniqueIdentifier>
    </Filter>
    <Filter Include="Shop">
      <UniqueIdentifier>{15b37676-d573-4783-89f0-76fb97091036}</UniqueIdentifier>
    </Filter>
    <Filter Include="main">
      <UniqueIdentifier>{318b95f4-9395-499b-a822-e4baa3135040}</UniqueIdentifier>
    </Filter>
    <Filter Include="Play">
      <UniqueIdentifier>{b431f5fc-fe49-49e6-92e2-93b07ff420bb}</UniqueIdentifier>
    </Filter>
    <Filter Include="Object">
      <UniqueIdentifier>{d4a87d37-e722-4c41-bcc3-366080470915}</UniqueIdentifier>
    </Filter>
    <Filter Include="Equipment">
      <UniqueIdentifier>{cd08cfd4-6121-43e1-ae26-953e2396edb6}</UniqueIdentifier>
    </Filter>
    <Filter Include="Object\Monster">
      <UniqueIdentifier>{439ecf4e-9aa0-4ddb-8937-d1f411935cd5}</UniqueIdentifier>
    </Filter>
    <Filter Include="Object\Character">
      <UniqueIdentifier>{21ad2836-3f91-48e0-8250-238a290b976d}</UniqueIdentifier>
    </Filter>
    <Filter Include="Player">
      <UniqueIdentifier>{4f5d13c7-8c4c-45d9-9ae1-89a8b750f8bf}</UniqueIdentifier>
    </Filter>
  </ItemGroup>
  <ItemGroup>
    <ClCompile Include="..\Classes\AppDelegate.cpp" />
    <ClCompile Include="..\Classes\StartScene.cpp">
      <Filter>main</Filter>
    </ClCompile>
    <ClCompile Include="main.cpp">
      <Filter>main</Filter>
    </ClCompile>
    <ClCompile Include="..\Classes\ShopScene.cpp">
      <Filter>Shop</Filter>
    </ClCompile>
    <ClCompile Include="..\Classes\MainScene.cpp">
      <Filter>main</Filter>
    </ClCompile>
    <ClCompile Include="..\Classes\PlayScene.cpp">
      <Filter>Play</Filter>
    </ClCompile>
    <ClCompile Include="..\Classes\PoorHuman.cpp">
      <Filter>Equipment</Filter>
    </ClCompile>
    <ClCompile Include="..\Classes\Humans.cpp">
      <Filter>Equipment</Filter>
    </ClCompile>
    <ClCompile Include="..\Classes\Character.cpp">
      <Filter>Object\Character</Filter>
    </ClCompile>
    <ClCompile Include="..\Classes\Player.cpp">
      <Filter>Player</Filter>
    </ClCompile>
    <ClCompile Include="..\Classes\MuscleMan.cpp">
      <Filter>Equipment</Filter>
    </ClCompile>
    <ClCompile Include="..\Classes\PoorWoman.cpp">
      <Filter>Equipment</Filter>
    </ClCompile>
  </ItemGroup>
  <ItemGroup>
    <ClInclude Include="..\Classes\AppDelegate.h" />
    <ClInclude Include="..\Classes\StartScene.h">
      <Filter>main</Filter>
    </ClInclude>
    <ClInclude Include="main.h">
      <Filter>main</Filter>
    </ClInclude>
    <ClInclude Include="..\Classes\ShopScene.h">
      <Filter>Shop</Filter>
    </ClInclude>
    <ClInclude Include="..\Classes\MainScene.h">
      <Filter>main</Filter>
    </ClInclude>
    <ClInclude Include="..\Classes\PlayScene.h">
      <Filter>Play</Filter>
    </ClInclude>
    <ClInclude Include="..\Classes\Humans.h">
      <Filter>Equipment</Filter>
    </ClInclude>
    <ClInclude Include="..\Classes\PoorHuman.h">
      <Filter>Equipment</Filter>
    </ClInclude>
    <ClInclude Include="..\Classes\Character.h">
      <Filter>Object\Character</Filter>
    </ClInclude>
    <ClInclude Include="..\Classes\Player.h">
      <Filter>Player</Filter>
    </ClInclude>
    <ClInclude Include="..\Classes\PoorWoman.h">
      <Filter>Equipment</Filter>
    </ClInclude>
    <ClInclude Include="..\Classes\MuscleMan.h">
      <Filter>Equipment</Filter>
    </ClInclude>
  </ItemGroup>
  <ItemGroup>
    <ResourceCompile Include="game.rc">
      <Filter>resource</Filter>
    </ResourceCompile>
  </ItemGroup>
</Project>